
Microsoft Visual Studio Solution File, Format Version 12.00
# Visual Studio Version 17
VisualStudioVersion = 17.4.33122.133
MinimumVisualStudioVersion = 10.0.40219.1
Project("{FAE04EC0-301F-11D3-BF4B-00C04F79EFBC}") = "platform game", "platform game\platform game.csproj", "{D737F3AE-57F5-4359-B589-1DD22B95A264}"
EndProject
Global
	GlobalSection(SolutionConfigurationPlatforms) = preSolution
		Debug|Any CPU = Debug|Any CPU
		Release|Any CPU = Release|Any CPU
	EndGlobalSection
	GlobalSection(ProjectConfigurationPlatforms) = postSolution
		{D737F3AE-57F5-4359-B589-1DD22B95A264}.Debug|Any CPU.ActiveCfg = Debug|Any CPU
		{D737F3AE-57F5-4359-B589-1DD22B95A264}.Debug|Any CPU.Build.0 = Debug|Any CPU
		{D737F3AE-57F5-4359-B589-1DD22B95A264}.Release|Any CPU.ActiveCfg = Release|Any CPU
		{D737F3AE-57F5-4359-B589-1DD22B95A264}.Release|Any CPU.Build.0 = Release|Any CPU
	EndGlobalSection
	GlobalSection(SolutionProperties) = preSolution
		HideSolutionNode = FALSE
	EndGlobalSection
	GlobalSection(ExtensibilityGlobals) = postSolution
		SolutionGuid = {B59F7643-FC28-4704-B0A6-F6ECE5F5D6ED}
	EndGlobalSection
EndGlobal
